// !$*UTF8*$!
{
	archiveVersion = 1;
	classes = {
	};
	objectVersion = 50;
	objects = {

/* Begin PBXBuildFile section */
		9963FBA9265148E900F20C52 /* APIHandler.swift in Sources */ = {isa = PBXBuildFile; fileRef = 9963FBA8265148E900F20C52 /* APIHandler.swift */; };
		9963FBAB26514B2F00F20C52 /* APILoader.swift in Sources */ = {isa = PBXBuildFile; fileRef = 9963FBAA26514B2F00F20C52 /* APILoader.swift */; };
		9963FBAD26514D3600F20C52 /* APIHelper.swift in Sources */ = {isa = PBXBuildFile; fileRef = 9963FBAC26514D3600F20C52 /* APIHelper.swift */; };
		996B8B882650337300232D17 /* FeedCellView.xib in Resources */ = {isa = PBXBuildFile; fileRef = 996B8B872650337300232D17 /* FeedCellView.xib */; };
		999052D826502547001CAB4D /* CommentsViewController.swift in Sources */ = {isa = PBXBuildFile; fileRef = 999052D726502547001CAB4D /* CommentsViewController.swift */; };
		999052DA265025DE001CAB4D /* CommetnsViewModel.swift in Sources */ = {isa = PBXBuildFile; fileRef = 999052D9265025DE001CAB4D /* CommetnsViewModel.swift */; };
		999052DC26502772001CAB4D /* CommentsTableViewCell.swift in Sources */ = {isa = PBXBuildFile; fileRef = 999052DB26502772001CAB4D /* CommentsTableViewCell.swift */; };
		99FB53C5264C0C6800264C84 /* AppDelegate.swift in Sources */ = {isa = PBXBuildFile; fileRef = 99FB53C4264C0C6800264C84 /* AppDelegate.swift */; };
		99FB53C7264C0C6800264C84 /* SceneDelegate.swift in Sources */ = {isa = PBXBuildFile; fileRef = 99FB53C6264C0C6800264C84 /* SceneDelegate.swift */; };
		99FB53C9264C0C6800264C84 /* FeedViewController.swift in Sources */ = {isa = PBXBuildFile; fileRef = 99FB53C8264C0C6800264C84 /* FeedViewController.swift */; };
		99FB53CC264C0C6800264C84 /* Main.storyboard in Resources */ = {isa = PBXBuildFile; fileRef = 99FB53CA264C0C6800264C84 /* Main.storyboard */; };
		99FB53CE264C0C6800264C84 /* Assets.xcassets in Resources */ = {isa = PBXBuildFile; fileRef = 99FB53CD264C0C6800264C84 /* Assets.xcassets */; };
		99FB53D1264C0C6800264C84 /* LaunchScreen.storyboard in Resources */ = {isa = PBXBuildFile; fileRef = 99FB53CF264C0C6800264C84 /* LaunchScreen.storyboard */; };
		99FB53DC264C0C6900264C84 /* FeedAppTests.swift in Sources */ = {isa = PBXBuildFile; fileRef = 99FB53DB264C0C6900264C84 /* FeedAppTests.swift */; };
		99FB53E7264C0C6900264C84 /* FeedAppUITests.swift in Sources */ = {isa = PBXBuildFile; fileRef = 99FB53E6264C0C6900264C84 /* FeedAppUITests.swift */; };
		99FB53F6264C0D1800264C84 /* Constants.swift in Sources */ = {isa = PBXBuildFile; fileRef = 99FB53F5264C0D1800264C84 /* Constants.swift */; };
		99FB53F9264C0DC200264C84 /* FeedsModel.swift in Sources */ = {isa = PBXBuildFile; fileRef = 99FB53F8264C0DC200264C84 /* FeedsModel.swift */; };
		99FB53FB264C0E8400264C84 /* Extension.swift in Sources */ = {isa = PBXBuildFile; fileRef = 99FB53FA264C0E8400264C84 /* Extension.swift */; };
		99FB53FE264C118100264C84 /* FeedAPI.swift in Sources */ = {isa = PBXBuildFile; fileRef = 99FB53FD264C118100264C84 /* FeedAPI.swift */; };
		99FB5401264C11D000264C84 /* Enum.swift in Sources */ = {isa = PBXBuildFile; fileRef = 99FB5400264C11D000264C84 /* Enum.swift */; };
		99FB5403264C11F700264C84 /* Reachability.swift in Sources */ = {isa = PBXBuildFile; fileRef = 99FB5402264C11F700264C84 /* Reachability.swift */; };
		99FB5406264C138E00264C84 /* FeedViewModel.swift in Sources */ = {isa = PBXBuildFile; fileRef = 99FB5405264C138E00264C84 /* FeedViewModel.swift */; };
		99FB5409264C14B700264C84 /* CustomDataSource.swift in Sources */ = {isa = PBXBuildFile; fileRef = 99FB5408264C14B700264C84 /* CustomDataSource.swift */; };
		99FB540C264C14FC00264C84 /* RoundedCornerView.swift in Sources */ = {isa = PBXBuildFile; fileRef = 99FB540B264C14FC00264C84 /* RoundedCornerView.swift */; };
		99FB540F264C154D00264C84 /* FeedTableViewCell.swift in Sources */ = {isa = PBXBuildFile; fileRef = 99FB540E264C154D00264C84 /* FeedTableViewCell.swift */; };
/* End PBXBuildFile section */

/* Begin PBXContainerItemProxy section */
		99FB53D8264C0C6900264C84 /* PBXContainerItemProxy */ = {
			isa = PBXContainerItemProxy;
			containerPortal = 99FB53B9264C0C6800264C84 /* Project object */;
			proxyType = 1;
			remoteGlobalIDString = 99FB53C0264C0C6800264C84;
			remoteInfo = FeedApp;
		};
		99FB53E3264C0C6900264C84 /* PBXContainerItemProxy */ = {
			isa = PBXContainerItemProxy;
			containerPortal = 99FB53B9264C0C6800264C84 /* Project object */;
			proxyType = 1;
			remoteGlobalIDString = 99FB53C0264C0C6800264C84;
			remoteInfo = FeedApp;
		};
/* End PBXContainerItemProxy section */

/* Begin PBXFileReference section */
		9963FBA8265148E900F20C52 /* APIHandler.swift */ = {isa = PBXFileReference; lastKnownFileType = sourcecode.swift; path = APIHandler.swift; sourceTree = "<group>"; };
		9963FBAA26514B2F00F20C52 /* APILoader.swift */ = {isa = PBXFileReference; lastKnownFileType = sourcecode.swift; path = APILoader.swift; sourceTree = "<group>"; };
		9963FBAC26514D3600F20C52 /* APIHelper.swift */ = {isa = PBXFileReference; lastKnownFileType = sourcecode.swift; path = APIHelper.swift; sourceTree = "<group>"; };
		996B8B872650337300232D17 /* FeedCellView.xib */ = {isa = PBXFileReference; lastKnownFileType = file.xib; path = FeedCellView.xib; sourceTree = "<group>"; };
		999052D726502547001CAB4D /* CommentsViewController.swift */ = {isa = PBXFileReference; lastKnownFileType = sourcecode.swift; path = CommentsViewController.swift; sourceTree = "<group>"; };
		999052D9265025DE001CAB4D /* CommetnsViewModel.swift */ = {isa = PBXFileReference; lastKnownFileType = sourcecode.swift; path = CommetnsViewModel.swift; sourceTree = "<group>"; };
		999052DB26502772001CAB4D /* CommentsTableViewCell.swift */ = {isa = PBXFileReference; lastKnownFileType = sourcecode.swift; path = CommentsTableViewCell.swift; sourceTree = "<group>"; };
		99FB53C1264C0C6800264C84 /* FeedApp.app */ = {isa = PBXFileReference; explicitFileType = wrapper.application; includeInIndex = 0; path = FeedApp.app; sourceTree = BUILT_PRODUCTS_DIR; };
		99FB53C4264C0C6800264C84 /* AppDelegate.swift */ = {isa = PBXFileReference; lastKnownFileType = sourcecode.swift; path = AppDelegate.swift; sourceTree = "<group>"; };
		99FB53C6264C0C6800264C84 /* SceneDelegate.swift */ = {isa = PBXFileReference; lastKnownFileType = sourcecode.swift; path = SceneDelegate.swift; sourceTree = "<group>"; };
		99FB53C8264C0C6800264C84 /* FeedViewController.swift */ = {isa = PBXFileReference; lastKnownFileType = sourcecode.swift; path = FeedViewController.swift; sourceTree = "<group>"; };
		99FB53CB264C0C6800264C84 /* Base */ = {isa = PBXFileReference; lastKnownFileType = file.storyboard; name = Base; path = Base.lproj/Main.storyboard; sourceTree = "<group>"; };
		99FB53CD264C0C6800264C84 /* Assets.xcassets */ = {isa = PBXFileReference; lastKnownFileType = folder.assetcatalog; path = Assets.xcassets; sourceTree = "<group>"; };
		99FB53D0264C0C6800264C84 /* Base */ = {isa = PBXFileReference; lastKnownFileType = file.storyboard; name = Base; path = Base.lproj/LaunchScreen.storyboard; sourceTree = "<group>"; };
		99FB53D2264C0C6800264C84 /* Info.plist */ = {isa = PBXFileReference; lastKnownFileType = text.plist.xml; path = Info.plist; sourceTree = "<group>"; };
		99FB53D7264C0C6900264C84 /* FeedAppTests.xctest */ = {isa = PBXFileReference; explicitFileType = wrapper.cfbundle; includeInIndex = 0; path = FeedAppTests.xctest; sourceTree = BUILT_PRODUCTS_DIR; };
		99FB53DB264C0C6900264C84 /* FeedAppTests.swift */ = {isa = PBXFileReference; lastKnownFileType = sourcecode.swift; path = FeedAppTests.swift; sourceTree = "<group>"; };
		99FB53DD264C0C6900264C84 /* Info.plist */ = {isa = PBXFileReference; lastKnownFileType = text.plist.xml; path = Info.plist; sourceTree = "<group>"; };
		99FB53E2264C0C6900264C84 /* FeedAppUITests.xctest */ = {isa = PBXFileReference; explicitFileType = wrapper.cfbundle; includeInIndex = 0; path = FeedAppUITests.xctest; sourceTree = BUILT_PRODUCTS_DIR; };
		99FB53E6264C0C6900264C84 /* FeedAppUITests.swift */ = {isa = PBXFileReference; lastKnownFileType = sourcecode.swift; path = FeedAppUITests.swift; sourceTree = "<group>"; };
		99FB53E8264C0C6900264C84 /* Info.plist */ = {isa = PBXFileReference; lastKnownFileType = text.plist.xml; path = Info.plist; sourceTree = "<group>"; };
		99FB53F5264C0D1800264C84 /* Constants.swift */ = {isa = PBXFileReference; lastKnownFileType = sourcecode.swift; path = Constants.swift; sourceTree = "<group>"; };
		99FB53F8264C0DC200264C84 /* FeedsModel.swift */ = {isa = PBXFileReference; lastKnownFileType = sourcecode.swift; path = FeedsModel.swift; sourceTree = "<group>"; };
		99FB53FA264C0E8400264C84 /* Extension.swift */ = {isa = PBXFileReference; lastKnownFileType = sourcecode.swift; path = Extension.swift; sourceTree = "<group>"; };
		99FB53FD264C118100264C84 /* FeedAPI.swift */ = {isa = PBXFileReference; lastKnownFileType = sourcecode.swift; path = FeedAPI.swift; sourceTree = "<group>"; };
		99FB5400264C11D000264C84 /* Enum.swift */ = {isa = PBXFileReference; lastKnownFileType = sourcecode.swift; path = Enum.swift; sourceTree = "<group>"; };
		99FB5402264C11F700264C84 /* Reachability.swift */ = {isa = PBXFileReference; lastKnownFileType = sourcecode.swift; path = Reachability.swift; sourceTree = "<group>"; };
		99FB5405264C138E00264C84 /* FeedViewModel.swift */ = {isa = PBXFileReference; lastKnownFileType = sourcecode.swift; path = FeedViewModel.swift; sourceTree = "<group>"; };
		99FB5408264C14B700264C84 /* CustomDataSource.swift */ = {isa = PBXFileReference; lastKnownFileType = sourcecode.swift; path = CustomDataSource.swift; sourceTree = "<group>"; };
		99FB540B264C14FC00264C84 /* RoundedCornerView.swift */ = {isa = PBXFileReference; lastKnownFileType = sourcecode.swift; path = RoundedCornerView.swift; sourceTree = "<group>"; };
		99FB540E264C154D00264C84 /* FeedTableViewCell.swift */ = {isa = PBXFileReference; lastKnownFileType = sourcecode.swift; path = FeedTableViewCell.swift; sourceTree = "<group>"; };
/* End PBXFileReference section */

/* Begin PBXFrameworksBuildPhase section */
		99FB53BE264C0C6800264C84 /* Frameworks */ = {
			isa = PBXFrameworksBuildPhase;
			buildActionMask = 2147483647;
			files = (
			);
			runOnlyForDeploymentPostprocessing = 0;
		};
		99FB53D4264C0C6900264C84 /* Frameworks */ = {
			isa = PBXFrameworksBuildPhase;
			buildActionMask = 2147483647;
			files = (
			);
			runOnlyForDeploymentPostprocessing = 0;
		};
		99FB53DF264C0C6900264C84 /* Frameworks */ = {
			isa = PBXFrameworksBuildPhase;
			buildActionMask = 2147483647;
			files = (
			);
			runOnlyForDeploymentPostprocessing = 0;
		};
/* End PBXFrameworksBuildPhase section */

/* Begin PBXGroup section */
		9963FBA7265148BF00F20C52 /* NetworkLayer */ = {
			isa = PBXGroup;
			children = (
				9963FBA8265148E900F20C52 /* APIHandler.swift */,
				9963FBAA26514B2F00F20C52 /* APILoader.swift */,
				9963FBAC26514D3600F20C52 /* APIHelper.swift */,
			);
			path = NetworkLayer;
			sourceTree = "<group>";
		};
		99FB53B8264C0C6800264C84 = {
			isa = PBXGroup;
			children = (
				99FB53C3264C0C6800264C84 /* FeedApp */,
				99FB53DA264C0C6900264C84 /* FeedAppTests */,
				99FB53E5264C0C6900264C84 /* FeedAppUITests */,
				99FB53C2264C0C6800264C84 /* Products */,
			);
			sourceTree = "<group>";
		};
		99FB53C2264C0C6800264C84 /* Products */ = {
			isa = PBXGroup;
			children = (
				99FB53C1264C0C6800264C84 /* FeedApp.app */,
				99FB53D7264C0C6900264C84 /* FeedAppTests.xctest */,
				99FB53E2264C0C6900264C84 /* FeedAppUITests.xctest */,
			);
			name = Products;
			sourceTree = "<group>";
		};
		99FB53C3264C0C6800264C84 /* FeedApp */ = {
			isa = PBXGroup;
			children = (
				9963FBA7265148BF00F20C52 /* NetworkLayer */,
				99FB5411264C1A2B00264C84 /* Delegates */,
				99FB5410264C155800264C84 /* ViewControllers */,
				99FB540D264C153900264C84 /* Views */,
				99FB540A264C14E500264C84 /* Components */,
				99FB5407264C14A100264C84 /* DataSource */,
				99FB5404264C137B00264C84 /* ViewModels */,
				99FB53FC264C116000264C84 /* Networks */,
				99FB53F7264C0DAE00264C84 /* Models */,
				99FB53F4264C0D0800264C84 /* Common */,
				99FB53CA264C0C6800264C84 /* Main.storyboard */,
				99FB53CD264C0C6800264C84 /* Assets.xcassets */,
				99FB53CF264C0C6800264C84 /* LaunchScreen.storyboard */,
				99FB53D2264C0C6800264C84 /* Info.plist */,
			);
			path = FeedApp;
			sourceTree = "<group>";
		};
		99FB53DA264C0C6900264C84 /* FeedAppTests */ = {
			isa = PBXGroup;
			children = (
				99FB53DB264C0C6900264C84 /* FeedAppTests.swift */,
				99FB53DD264C0C6900264C84 /* Info.plist */,
			);
			path = FeedAppTests;
			sourceTree = "<group>";
		};
		99FB53E5264C0C6900264C84 /* FeedAppUITests */ = {
			isa = PBXGroup;
			children = (
				99FB53E6264C0C6900264C84 /* FeedAppUITests.swift */,
				99FB53E8264C0C6900264C84 /* Info.plist */,
			);
			path = FeedAppUITests;
			sourceTree = "<group>";
		};
		99FB53F4264C0D0800264C84 /* Common */ = {
			isa = PBXGroup;
			children = (
				99FB53F5264C0D1800264C84 /* Constants.swift */,
				99FB53FA264C0E8400264C84 /* Extension.swift */,
				99FB5400264C11D000264C84 /* Enum.swift */,
			);
			path = Common;
			sourceTree = "<group>";
		};
		99FB53F7264C0DAE00264C84 /* Models */ = {
			isa = PBXGroup;
			children = (
				99FB53F8264C0DC200264C84 /* FeedsModel.swift */,
			);
			path = Models;
			sourceTree = "<group>";
		};
		99FB53FC264C116000264C84 /* Networks */ = {
			isa = PBXGroup;
			children = (
				99FB53FD264C118100264C84 /* FeedAPI.swift */,
				99FB5402264C11F700264C84 /* Reachability.swift */,
			);
			path = Networks;
			sourceTree = "<group>";
		};
		99FB5404264C137B00264C84 /* ViewModels */ = {
			isa = PBXGroup;
			children = (
				999052D9265025DE001CAB4D /* CommetnsViewModel.swift */,
				99FB5405264C138E00264C84 /* FeedViewModel.swift */,
			);
			path = ViewModels;
			sourceTree = "<group>";
		};
		99FB5407264C14A100264C84 /* DataSource */ = {
			isa = PBXGroup;
			children = (
				99FB5408264C14B700264C84 /* CustomDataSource.swift */,
			);
			path = DataSource;
			sourceTree = "<group>";
		};
		99FB540A264C14E500264C84 /* Components */ = {
			isa = PBXGroup;
			children = (
				99FB540B264C14FC00264C84 /* RoundedCornerView.swift */,
			);
			path = Components;
			sourceTree = "<group>";
		};
		99FB540D264C153900264C84 /* Views */ = {
			isa = PBXGroup;
			children = (
				99FB540E264C154D00264C84 /* FeedTableViewCell.swift */,
				999052DB26502772001CAB4D /* CommentsTableViewCell.swift */,
				996B8B872650337300232D17 /* FeedCellView.xib */,
			);
			path = Views;
			sourceTree = "<group>";
		};
		99FB5410264C155800264C84 /* ViewControllers */ = {
			isa = PBXGroup;
			children = (
				99FB53C8264C0C6800264C84 /* FeedViewController.swift */,
				999052D726502547001CAB4D /* CommentsViewController.swift */,
			);
			path = ViewControllers;
			sourceTree = "<group>";
		};
		99FB5411264C1A2B00264C84 /* Delegates */ = {
			isa = PBXGroup;
			children = (
				99FB53C4264C0C6800264C84 /* AppDelegate.swift */,
				99FB53C6264C0C6800264C84 /* SceneDelegate.swift */,
			);
			path = Delegates;
			sourceTree = "<group>";
		};
/* End PBXGroup section */

/* Begin PBXNativeTarget section */
		99FB53C0264C0C6800264C84 /* FeedApp */ = {
			isa = PBXNativeTarget;
			buildConfigurationList = 99FB53EB264C0C6900264C84 /* Build configuration list for PBXNativeTarget "FeedApp" */;
			buildPhases = (
				99FB53BD264C0C6800264C84 /* Sources */,
				99FB53BE264C0C6800264C84 /* Frameworks */,
				99FB53BF264C0C6800264C84 /* Resources */,
			);
			buildRules = (
			);
			dependencies = (
			);
			name = FeedApp;
			productName = FeedApp;
			productReference = 99FB53C1264C0C6800264C84 /* FeedApp.app */;
			productType = "com.apple.product-type.application";
		};
		99FB53D6264C0C6900264C84 /* FeedAppTests */ = {
			isa = PBXNativeTarget;
			buildConfigurationList = 99FB53EE264C0C6900264C84 /* Build configuration list for PBXNativeTarget "FeedAppTests" */;
			buildPhases = (
				99FB53D3264C0C6900264C84 /* Sources */,
				99FB53D4264C0C6900264C84 /* Frameworks */,
				99FB53D5264C0C6900264C84 /* Resources */,
			);
			buildRules = (
			);
			dependencies = (
				99FB53D9264C0C6900264C84 /* PBXTargetDependency */,
			);
			name = FeedAppTests;
			productName = FeedAppTests;
			productReference = 99FB53D7264C0C6900264C84 /* FeedAppTests.xctest */;
			productType = "com.apple.product-type.bundle.unit-test";
		};
		99FB53E1264C0C6900264C84 /* FeedAppUITests */ = {
			isa = PBXNativeTarget;
			buildConfigurationList = 99FB53F1264C0C6900264C84 /* Build configuration list for PBXNativeTarget "FeedAppUITests" */;
			buildPhases = (
				99FB53DE264C0C6900264C84 /* Sources */,
				99FB53DF264C0C6900264C84 /* Frameworks */,
				99FB53E0264C0C6900264C84 /* Resources */,
			);
			buildRules = (
			);
			dependencies = (
				99FB53E4264C0C6900264C84 /* PBXTargetDependency */,
			);
			name = FeedAppUITests;
			productName = FeedAppUITests;
			productReference = 99FB53E2264C0C6900264C84 /* FeedAppUITests.xctest */;
			productType = "com.apple.product-type.bundle.ui-testing";
		};
/* End PBXNativeTarget section */

/* Begin PBXProject section */
		99FB53B9264C0C6800264C84 /* Project object */ = {
			isa = PBXProject;
			attributes = {
				LastSwiftUpdateCheck = 1250;
				LastUpgradeCheck = 1250;
				TargetAttributes = {
					99FB53C0264C0C6800264C84 = {
						CreatedOnToolsVersion = 12.5;
					};
					99FB53D6264C0C6900264C84 = {
						CreatedOnToolsVersion = 12.5;
						TestTargetID = 99FB53C0264C0C6800264C84;
					};
					99FB53E1264C0C6900264C84 = {
						CreatedOnToolsVersion = 12.5;
						TestTargetID = 99FB53C0264C0C6800264C84;
					};
				};
			};
			buildConfigurationList = 99FB53BC264C0C6800264C84 /* Build configuration list for PBXProject "FeedApp" */;
			compatibilityVersion = "Xcode 9.3";
			developmentRegion = en;
			hasScannedForEncodings = 0;
			knownRegions = (
				en,
				Base,
			);
			mainGroup = 99FB53B8264C0C6800264C84;
			productRefGroup = 99FB53C2264C0C6800264C84 /* Products */;
			projectDirPath = "";
			projectRoot = "";
			targets = (
				99FB53C0264C0C6800264C84 /* FeedApp */,
				99FB53D6264C0C6900264C84 /* FeedAppTests */,
				99FB53E1264C0C6900264C84 /* FeedAppUITests */,
			);
		};
/* End PBXProject section */

/* Begin PBXResourcesBuildPhase section */
		99FB53BF264C0C6800264C84 /* Resources */ = {
			isa = PBXResourcesBuildPhase;
			buildActionMask = 2147483647;
			files = (
				996B8B882650337300232D17 /* FeedCellView.xib in Resources */,
				99FB53D1264C0C6800264C84 /* LaunchScreen.storyboard in Resources */,
				99FB53CE264C0C6800264C84 /* Assets.xcassets in Resources */,
				99FB53CC264C0C6800264C84 /* Main.storyboard in Resources */,
			);
			runOnlyForDeploymentPostprocessing = 0;
		};
		99FB53D5264C0C6900264C84 /* Resources */ = {
			isa = PBXResourcesBuildPhase;
			buildActionMask = 2147483647;
			files = (
			);
			runOnlyForDeploymentPostprocessing = 0;
		};
		99FB53E0264C0C6900264C84 /* Resources */ = {
			isa = PBXResourcesBuildPhase;
			buildActionMask = 2147483647;
			files = (
			);
			runOnlyForDeploymentPostprocessing = 0;
		};
/* End PBXResourcesBuildPhase section */

/* Begin PBXSourcesBuildPhase section */
		99FB53BD264C0C6800264C84 /* Sources */ = {
			isa = PBXSourcesBuildPhase;
			buildActionMask = 2147483647;
			files = (
				99FB5406264C138E00264C84 /* FeedViewModel.swift in Sources */,
				99FB53C9264C0C6800264C84 /* FeedViewController.swift in Sources */,
				999052DA265025DE001CAB4D /* CommetnsViewModel.swift in Sources */,
				999052D826502547001CAB4D /* CommentsViewController.swift in Sources */,
				99FB5409264C14B700264C84 /* CustomDataSource.swift in Sources */,
				9963FBAD26514D3600F20C52 /* APIHelper.swift in Sources */,
				99FB53C5264C0C6800264C84 /* AppDelegate.swift in Sources */,
				99FB5401264C11D000264C84 /* Enum.swift in Sources */,
				99FB540F264C154D00264C84 /* FeedTableViewCell.swift in Sources */,
				99FB53F9264C0DC200264C84 /* FeedsModel.swift in Sources */,
				99FB53FB264C0E8400264C84 /* Extension.swift in Sources */,
				99FB5403264C11F700264C84 /* Reachability.swift in Sources */,
				9963FBAB26514B2F00F20C52 /* APILoader.swift in Sources */,
				99FB53FE264C118100264C84 /* FeedAPI.swift in Sources */,
				99FB53C7264C0C6800264C84 /* SceneDelegate.swift in Sources */,
				99FB53F6264C0D1800264C84 /* Constants.swift in Sources */,
				99FB540C264C14FC00264C84 /* RoundedCornerView.swift in Sources */,
				9963FBA9265148E900F20C52 /* APIHandler.swift in Sources */,
				999052DC26502772001CAB4D /* CommentsTableViewCell.swift in Sources */,
			);
			runOnlyForDeploymentPostprocessing = 0;
		};
		99FB53D3264C0C6900264C84 /* Sources */ = {
			isa = PBXSourcesBuildPhase;
			buildActionMask = 2147483647;
			files = (
				99FB53DC264C0C6900264C84 /* FeedAppTests.swift in Sources */,
			);
			runOnlyForDeploymentPostprocessing = 0;
		};
		99FB53DE264C0C6900264C84 /* Sources */ = {
			isa = PBXSourcesBuildPhase;
			buildActionMask = 2147483647;
			files = (
				99FB53E7264C0C6900264C84 /* FeedAppUITests.swift in Sources */,
			);
			runOnlyForDeploymentPostprocessing = 0;
		};
/* End PBXSourcesBuildPhase section */

/* Begin PBXTargetDependency section */
		99FB53D9264C0C6900264C84 /* PBXTargetDependency */ = {
			isa = PBXTargetDependency;
			target = 99FB53C0264C0C6800264C84 /* FeedApp */;
			targetProxy = 99FB53D8264C0C6900264C84 /* PBXContainerItemProxy */;
		};
		99FB53E4264C0C6900264C84 /* PBXTargetDependency */ = {
			isa = PBXTargetDependency;
			target = 99FB53C0264C0C6800264C84 /* FeedApp */;
			targetProxy = 99FB53E3264C0C6900264C84 /* PBXContainerItemProxy */;
		};
/* End PBXTargetDependency section */

/* Begin PBXVariantGroup section */
		99FB53CA264C0C6800264C84 /* Main.storyboard */ = {
			isa = PBXVariantGroup;
			children = (
				99FB53CB264C0C6800264C84 /* Base */,
			);
			name = Main.storyboard;
			sourceTree = "<group>";
		};
		99FB53CF264C0C6800264C84 /* LaunchScreen.storyboard */ = {
			isa = PBXVariantGroup;
			children = (
				99FB53D0264C0C6800264C84 /* Base */,
			);
			name = LaunchScreen.storyboard;
			sourceTree = "<group>";
		};
/* End PBXVariantGroup section */

/* Begin XCBuildConfiguration section */
		99FB53E9264C0C6900264C84 /* Debug */ = {
			isa = XCBuildConfiguration;
			buildSettings = {
				ALWAYS_SEARCH_USER_PATHS = NO;
				CLANG_ANALYZER_NONNULL = YES;
				CLANG_ANALYZER_NUMBER_OBJECT_CONVERSION = YES_AGGRESSIVE;
				CLANG_CXX_LANGUAGE_STANDARD = "gnu++14";
				CLANG_CXX_LIBRARY = "libc++";
				CLANG_ENABLE_MODULES = YES;
				CLANG_ENABLE_OBJC_ARC = YES;
				CLANG_ENABLE_OBJC_WEAK = YES;
				CLANG_WARN_BLOCK_CAPTURE_AUTORELEASING = YES;
				CLANG_WARN_BOOL_CONVERSION = YES;
				CLANG_WARN_COMMA = YES;
				CLANG_WARN_CONSTANT_CONVERSION = YES;
				CLANG_WARN_DEPRECATED_OBJC_IMPLEMENTATIONS = YES;
				CLANG_WARN_DIRECT_OBJC_ISA_USAGE = YES_ERROR;
				CLANG_WARN_DOCUMENTATION_COMMENTS = YES;
				CLANG_WARN_EMPTY_BODY = YES;
				CLANG_WARN_ENUM_CONVERSION = YES;
				CLANG_WARN_INFINITE_RECURSION = YES;
				CLANG_WARN_INT_CONVERSION = YES;
				CLANG_WARN_NON_LITERAL_NULL_CONVERSION = YES;
				CLANG_WARN_OBJC_IMPLICIT_RETAIN_SELF = YES;
				CLANG_WARN_OBJC_LITERAL_CONVERSION = YES;
				CLANG_WARN_OBJC_ROOT_CLASS = YES_ERROR;
				CLANG_WARN_QUOTED_INCLUDE_IN_FRAMEWORK_HEADER = YES;
				CLANG_WARN_RANGE_LOOP_ANALYSIS = YES;
				CLANG_WARN_STRICT_PROTOTYPES = YES;
				CLANG_WARN_SUSPICIOUS_MOVE = YES;
				CLANG_WARN_UNGUARDED_AVAILABILITY = YES_AGGRESSIVE;
				CLANG_WARN_UNREACHABLE_CODE = YES;
				CLANG_WARN__DUPLICATE_METHOD_MATCH = YES;
				COPY_PHASE_STRIP = NO;
				DEBUG_INFORMATION_FORMAT = dwarf;
				ENABLE_STRICT_OBJC_MSGSEND = YES;
				ENABLE_TESTABILITY = YES;
				GCC_C_LANGUAGE_STANDARD = gnu11;
				GCC_DYNAMIC_NO_PIC = NO;
				GCC_NO_COMMON_BLOCKS = YES;
				GCC_OPTIMIZATION_LEVEL = 0;
				GCC_PREPROCESSOR_DEFINITIONS = (
					"DEBUG=1",
					"$(inherited)",
				);
				GCC_WARN_64_TO_32_BIT_CONVERSION = YES;
				GCC_WARN_ABOUT_RETURN_TYPE = YES_ERROR;
				GCC_WARN_UNDECLARED_SELECTOR = YES;
				GCC_WARN_UNINITIALIZED_AUTOS = YES_AGGRESSIVE;
				GCC_WARN_UNUSED_FUNCTION = YES;
				GCC_WARN_UNUSED_VARIABLE = YES;
				IPHONEOS_DEPLOYMENT_TARGET = 14.5;
				MTL_ENABLE_DEBUG_INFO = INCLUDE_SOURCE;
				MTL_FAST_MATH = YES;
				ONLY_ACTIVE_ARCH = YES;
				SDKROOT = iphoneos;
				SWIFT_ACTIVE_COMPILATION_CONDITIONS = DEBUG;
				SWIFT_OPTIMIZATION_LEVEL = "-Onone";
			};
			name = Debug;
		};
		99FB53EA264C0C6900264C84 /* Release */ = {
			isa = XCBuildConfiguration;
			buildSettings = {
				ALWAYS_SEARCH_USER_PATHS = NO;
				CLANG_ANALYZER_NONNULL = YES;
				CLANG_ANALYZER_NUMBER_OBJECT_CONVERSION = YES_AGGRESSIVE;
				CLANG_CXX_LANGUAGE_STANDARD = "gnu++14";
				CLANG_CXX_LIBRARY = "libc++";
				CLANG_ENABLE_MODULES = YES;
				CLANG_ENABLE_OBJC_ARC = YES;
				CLANG_ENABLE_OBJC_WEAK = YES;
				CLANG_WARN_BLOCK_CAPTURE_AUTORELEASING = YES;
				CLANG_WARN_BOOL_CONVERSION = YES;
				CLANG_WARN_COMMA = YES;
				CLANG_WARN_CONSTANT_CONVERSION = YES;
				CLANG_WARN_DEPRECATED_OBJC_IMPLEMENTATIONS = YES;
				CLANG_WARN_DIRECT_OBJC_ISA_USAGE = YES_ERROR;
				CLANG_WARN_DOCUMENTATION_COMMENTS = YES;
				CLANG_WARN_EMPTY_BODY = YES;
				CLANG_WARN_ENUM_CONVERSION = YES;
				CLANG_WARN_INFINITE_RECURSION = YES;
				CLANG_WARN_INT_CONVERSION = YES;
				CLANG_WARN_NON_LITERAL_NULL_CONVERSION = YES;
				CLANG_WARN_OBJC_IMPLICIT_RETAIN_SELF = YES;
				CLANG_WARN_OBJC_LITERAL_CONVERSION = YES;
				CLANG_WARN_OBJC_ROOT_CLASS = YES_ERROR;
				CLANG_WARN_QUOTED_INCLUDE_IN_FRAMEWORK_HEADER = YES;
				CLANG_WARN_RANGE_LOOP_ANALYSIS = YES;
				CLANG_WARN_STRICT_PROTOTYPES = YES;
				CLANG_WARN_SUSPICIOUS_MOVE = YES;
				CLANG_WARN_UNGUARDED_AVAILABILITY = YES_AGGRESSIVE;
				CLANG_WARN_UNREACHABLE_CODE = YES;
				CLANG_WARN__DUPLICATE_METHOD_MATCH = YES;
				COPY_PHASE_STRIP = NO;
				DEBUG_INFORMATION_FORMAT = "dwarf-with-dsym";
				ENABLE_NS_ASSERTIONS = NO;
				ENABLE_STRICT_OBJC_MSGSEND = YES;
				GCC_C_LANGUAGE_STANDARD = gnu11;
				GCC_NO_COMMON_BLOCKS = YES;
				GCC_WARN_64_TO_32_BIT_CONVERSION = YES;
				GCC_WARN_ABOUT_RETURN_TYPE = YES_ERROR;
				GCC_WARN_UNDECLARED_SELECTOR = YES;
				GCC_WARN_UNINITIALIZED_AUTOS = YES_AGGRESSIVE;
				GCC_WARN_UNUSED_FUNCTION = YES;
				GCC_WARN_UNUSED_VARIABLE = YES;
				IPHONEOS_DEPLOYMENT_TARGET = 14.5;
				MTL_ENABLE_DEBUG_INFO = NO;
				MTL_FAST_MATH = YES;
				SDKROOT = iphoneos;
				SWIFT_COMPILATION_MODE = wholemodule;
				SWIFT_OPTIMIZATION_LEVEL = "-O";
				VALIDATE_PRODUCT = YES;
			};
			name = Release;
		};
		99FB53EC264C0C6900264C84 /* Debug */ = {
			isa = XCBuildConfiguration;
			buildSettings = {
				ASSETCATALOG_COMPILER_APPICON_NAME = AppIcon;
				ASSETCATALOG_COMPILER_GLOBAL_ACCENT_COLOR_NAME = AccentColor;
				CODE_SIGN_STYLE = Automatic;
				INFOPLIST_FILE = FeedApp/Info.plist;
				LD_RUNPATH_SEARCH_PATHS = (
					"$(inherited)",
					"@executable_path/Frameworks",
				);
				PRODUCT_BUNDLE_IDENTIFIER = com.apple.FeedApp;
				PRODUCT_NAME = "$(TARGET_NAME)";
				SWIFT_VERSION = 5.0;
				TARGETED_DEVICE_FAMILY = "1,2";
			};
			name = Debug;
		};
		99FB53ED264C0C6900264C84 /* Release */ = {
			isa = XCBuildConfiguration;
			buildSettings = {
				ASSETCATALOG_COMPILER_APPICON_NAME = AppIcon;
				ASSETCATALOG_COMPILER_GLOBAL_ACCENT_COLOR_NAME = AccentColor;
				CODE_SIGN_STYLE = Automatic;
				INFOPLIST_FILE = FeedApp/Info.plist;
				LD_RUNPATH_SEARCH_PATHS = (
					"$(inherited)",
					"@executable_path/Frameworks",
				);
				PRODUCT_BUNDLE_IDENTIFIER = com.apple.FeedApp;
				PRODUCT_NAME = "$(TARGET_NAME)";
				SWIFT_VERSION = 5.0;
				TARGETED_DEVICE_FAMILY = "1,2";
			};
			name = Release;
		};
		99FB53EF264C0C6900264C84 /* Debug */ = {
			isa = XCBuildConfiguration;
			buildSettings = {
				ALWAYS_EMBED_SWIFT_STANDARD_LIBRARIES = YES;
				BUNDLE_LOADER = "$(TEST_HOST)";
				CODE_SIGN_STYLE = Automatic;
				INFOPLIST_FILE = FeedAppTests/Info.plist;
				IPHONEOS_DEPLOYMENT_TARGET = 14.5;
				LD_RUNPATH_SEARCH_PATHS = (
					"$(inherited)",
					"@executable_path/Frameworks",
					"@loader_path/Frameworks",
				);
				PRODUCT_BUNDLE_IDENTIFIER = com.apple.FeedAppTests;
				PRODUCT_NAME = "$(TARGET_NAME)";
				SWIFT_VERSION = 5.0;
				TARGETED_DEVICE_FAMILY = "1,2";
				TEST_HOST = "$(BUILT_PRODUCTS_DIR)/FeedApp.app/FeedApp";
			};
			name = Debug;
		};
		99FB53F0264C0C6900264C84 /* Release */ = {
			isa = XCBuildConfiguration;
			buildSettings = {
				ALWAYS_EMBED_SWIFT_STANDARD_LIBRARIES = YES;
				BUNDLE_LOADER = "$(TEST_HOST)";
				CODE_SIGN_STYLE = Automatic;
				INFOPLIST_FILE = FeedAppTests/Info.plist;
				IPHONEOS_DEPLOYMENT_TARGET = 14.5;
				LD_RUNPATH_SEARCH_PATHS = (
					"$(inherited)",
					"@executable_path/Frameworks",
					"@loader_path/Frameworks",
				);
				PRODUCT_BUNDLE_IDENTIFIER = com.apple.FeedAppTests;
				PRODUCT_NAME = "$(TARGET_NAME)";
				SWIFT_VERSION = 5.0;
				TARGETED_DEVICE_FAMILY = "1,2";
				TEST_HOST = "$(BUILT_PRODUCTS_DIR)/FeedApp.app/FeedApp";
			};
			name = Release;
		};
		99FB53F2264C0C6900264C84 /* Debug */ = {
			isa = XCBuildConfiguration;
			buildSettings = {
				ALWAYS_EMBED_SWIFT_STANDARD_LIBRARIES = YES;
				CODE_SIGN_STYLE = Automatic;
				INFOPLIST_FILE = FeedAppUITests/Info.plist;
				LD_RUNPATH_SEARCH_PATHS = (
					"$(inherited)",
					"@executable_path/Frameworks",
					"@loader_path/Frameworks",
				);
				PRODUCT_BUNDLE_IDENTIFIER = com.apple.FeedAppUITests;
				PRODUCT_NAME = "$(TARGET_NAME)";
				SWIFT_VERSION = 5.0;
				TARGETED_DEVICE_FAMILY = "1,2";
				TEST_TARGET_NAME = FeedApp;
			};
			name = Debug;
		};
		99FB53F3264C0C6900264C84 /* Release */ = {
			isa = XCBuildConfiguration;
			buildSettings = {
				ALWAYS_EMBED_SWIFT_STANDARD_LIBRARIES = YES;
				CODE_SIGN_STYLE = Automatic;
				INFOPLIST_FILE = FeedAppUITests/Info.plist;
				LD_RUNPATH_SEARCH_PATHS = (
					"$(inherited)",
					"@executable_path/Frameworks",
					"@loader_path/Frameworks",
				);
				PRODUCT_BUNDLE_IDENTIFIER = com.apple.FeedAppUITests;
				PRODUCT_NAME = "$(TARGET_NAME)";
				SWIFT_VERSION = 5.0;
				TARGETED_DEVICE_FAMILY = "1,2";
				TEST_TARGET_NAME = FeedApp;
			};
			name = Release;
		};
/* End XCBuildConfiguration section */

/* Begin XCConfigurationList section */
		99FB53BC264C0C6800264C84 /* Build configuration list for PBXProject "FeedApp" */ = {
			isa = XCConfigurationList;
			buildConfigurations = (
				99FB53E9264C0C6900264C84 /* Debug */,
				99FB53EA264C0C6900264C84 /* Release */,
			);
			defaultConfigurationIsVisible = 0;
			defaultConfigurationName = Release;
		};
		99FB53EB264C0C6900264C84 /* Build configuration list for PBXNativeTarget "FeedApp" */ = {
			isa = XCConfigurationList;
			buildConfigurations = (
				99FB53EC264C0C6900264C84 /* Debug */,
				99FB53ED264C0C6900264C84 /* Release */,
			);
			defaultConfigurationIsVisible = 0;
			defaultConfigurationName = Release;
		};
		99FB53EE264C0C6900264C84 /* Build configuration list for PBXNativeTarget "FeedAppTests" */ = {
			isa = XCConfigurationList;
			buildConfigurations = (
				99FB53EF264C0C6900264C84 /* Debug */,
				99FB53F0264C0C6900264C84 /* Release */,
			);
			defaultConfigurationIsVisible = 0;
			defaultConfigurationName = Release;
		};
		99FB53F1264C0C6900264C84 /* Build configuration list for PBXNativeTarget "FeedAppUITests" */ = {
			isa = XCConfigurationList;
			buildConfigurations = (
				99FB53F2264C0C6900264C84 /* Debug */,
				99FB53F3264C0C6900264C84 /* Release */,
			);
			defaultConfigurationIsVisible = 0;
			defaultConfigurationName = Release;
		};
/* End XCConfigurationList section */
	};
	rootObject = 99FB53B9264C0C6800264C84 /* Project object */;
}
